
Microsoft Visual Studio Solution File, Format Version 12.00
# Visual Studio Version 17
VisualStudioVersion = 17.12.35514.174
MinimumVisualStudioVersion = 10.0.40219.1
Project("{FAE04EC0-301F-11D3-BF4B-00C04F79EFBC}") = "nc-hub", "src\nc-hub\nc-hub.csproj", "{8DC606C8-2C8B-4CFB-A12C-A3FACD6FA8B5}"
EndProject
Project("{2150E333-8FDC-42A3-9474-1A3956D46DE8}") = "src", "src", "{53F8D3C0-9BF9-427D-ABBE-5D7A303FCFCB}"
EndProject
Project("{2150E333-8FDC-42A3-9474-1A3956D46DE8}") = "tests", "tests", "{41FFC620-307B-4E02-A94A-CB4829FA3CC4}"
EndProject
Project("{FAE04EC0-301F-11D3-BF4B-00C04F79EFBC}") = "nc-hub-tests", "tests\nc-hub-tests\nc-hub-tests.csproj", "{A5B5B3EC-A275-42A4-BEDF-8BB9F7165754}"
EndProject
Project("{FAE04EC0-301F-11D3-BF4B-00C04F79EFBC}") = "nc-spark-tests", "tests\nc-spark-tests\nc-spark-tests.csproj", "{4EC48DF2-8927-424E-BB91-0FBE572B7617}"
EndProject
Project("{2150E333-8FDC-42A3-9474-1A3956D46DE8}") = "Solution Items", "Solution Items", "{11E6CC65-8726-409C-8B52-E047B9CF67DC}"
	ProjectSection(SolutionItems) = preProject
		.gitignore = .gitignore
		readme.md = readme.md
	EndProjectSection
EndProject
Project("{FAE04EC0-301F-11D3-BF4B-00C04F79EFBC}") = "nc-ai", "src\nc-ai\nc-ai.csproj", "{65C03A97-BE16-4BE0-BFDC-99FBF51A84BB}"
EndProject
Project("{FAE04EC0-301F-11D3-BF4B-00C04F79EFBC}") = "nc-ai-openai", "src\nc-ai-openai\nc-ai-openai.csproj", "{520809CA-F3E0-4B8F-B744-814DCE6CAFEE}"
EndProject
Project("{FAE04EC0-301F-11D3-BF4B-00C04F79EFBC}") = "nc-azure", "src\nc-azure\nc-azure.csproj", "{3F91B384-BC14-4FBF-AFD6-600265B89A2C}"
EndProject
Project("{FAE04EC0-301F-11D3-BF4B-00C04F79EFBC}") = "nc-cloud", "src\nc-cloud\nc-cloud.csproj", "{AD8DDDFC-289D-46F8-AB5E-173CF072C78D}"
EndProject
Project("{FAE04EC0-301F-11D3-BF4B-00C04F79EFBC}") = "nc-azure-tests", "tests\nc-azure-tests\nc-azure-tests.csproj", "{069E9F57-D4C4-4B57-BC43-A45BEA5EFFA1}"
EndProject
Project("{FAE04EC0-301F-11D3-BF4B-00C04F79EFBC}") = "nc-extensions", "src\nc-extensions\nc-extensions.csproj", "{23B00169-CF74-4875-B55F-CCE7941253A7}"
EndProject
Project("{FAE04EC0-301F-11D3-BF4B-00C04F79EFBC}") = "nc-extensions-tests", "tests\nc-extensions-tests\nc-extensions-tests.csproj", "{DEF29DE4-71DE-4B08-A580-8B7D0E6295C2}"
EndProject
Global
	GlobalSection(SolutionConfigurationPlatforms) = preSolution
		Debug|Any CPU = Debug|Any CPU
		Release|Any CPU = Release|Any CPU
	EndGlobalSection
	GlobalSection(ProjectConfigurationPlatforms) = postSolution
		{8DC606C8-2C8B-4CFB-A12C-A3FACD6FA8B5}.Debug|Any CPU.ActiveCfg = Debug|Any CPU
		{8DC606C8-2C8B-4CFB-A12C-A3FACD6FA8B5}.Debug|Any CPU.Build.0 = Debug|Any CPU
		{8DC606C8-2C8B-4CFB-A12C-A3FACD6FA8B5}.Release|Any CPU.ActiveCfg = Release|Any CPU
		{8DC606C8-2C8B-4CFB-A12C-A3FACD6FA8B5}.Release|Any CPU.Build.0 = Release|Any CPU
		{A5B5B3EC-A275-42A4-BEDF-8BB9F7165754}.Debug|Any CPU.ActiveCfg = Debug|Any CPU
		{A5B5B3EC-A275-42A4-BEDF-8BB9F7165754}.Debug|Any CPU.Build.0 = Debug|Any CPU
		{A5B5B3EC-A275-42A4-BEDF-8BB9F7165754}.Release|Any CPU.ActiveCfg = Release|Any CPU
		{A5B5B3EC-A275-42A4-BEDF-8BB9F7165754}.Release|Any CPU.Build.0 = Release|Any CPU
		{4EC48DF2-8927-424E-BB91-0FBE572B7617}.Debug|Any CPU.ActiveCfg = Debug|Any CPU
		{4EC48DF2-8927-424E-BB91-0FBE572B7617}.Debug|Any CPU.Build.0 = Debug|Any CPU
		{4EC48DF2-8927-424E-BB91-0FBE572B7617}.Release|Any CPU.ActiveCfg = Release|Any CPU
		{4EC48DF2-8927-424E-BB91-0FBE572B7617}.Release|Any CPU.Build.0 = Release|Any CPU
		{65C03A97-BE16-4BE0-BFDC-99FBF51A84BB}.Debug|Any CPU.ActiveCfg = Debug|Any CPU
		{65C03A97-BE16-4BE0-BFDC-99FBF51A84BB}.Debug|Any CPU.Build.0 = Debug|Any CPU
		{65C03A97-BE16-4BE0-BFDC-99FBF51A84BB}.Release|Any CPU.ActiveCfg = Release|Any CPU
		{65C03A97-BE16-4BE0-BFDC-99FBF51A84BB}.Release|Any CPU.Build.0 = Release|Any CPU
		{520809CA-F3E0-4B8F-B744-814DCE6CAFEE}.Debug|Any CPU.ActiveCfg = Debug|Any CPU
		{520809CA-F3E0-4B8F-B744-814DCE6CAFEE}.Debug|Any CPU.Build.0 = Debug|Any CPU
		{520809CA-F3E0-4B8F-B744-814DCE6CAFEE}.Release|Any CPU.ActiveCfg = Release|Any CPU
		{520809CA-F3E0-4B8F-B744-814DCE6CAFEE}.Release|Any CPU.Build.0 = Release|Any CPU
		{3F91B384-BC14-4FBF-AFD6-600265B89A2C}.Debug|Any CPU.ActiveCfg = Debug|Any CPU
		{3F91B384-BC14-4FBF-AFD6-600265B89A2C}.Debug|Any CPU.Build.0 = Debug|Any CPU
		{3F91B384-BC14-4FBF-AFD6-600265B89A2C}.Release|Any CPU.ActiveCfg = Release|Any CPU
		{3F91B384-BC14-4FBF-AFD6-600265B89A2C}.Release|Any CPU.Build.0 = Release|Any CPU
		{AD8DDDFC-289D-46F8-AB5E-173CF072C78D}.Debug|Any CPU.ActiveCfg = Debug|Any CPU
		{AD8DDDFC-289D-46F8-AB5E-173CF072C78D}.Debug|Any CPU.Build.0 = Debug|Any CPU
		{AD8DDDFC-289D-46F8-AB5E-173CF072C78D}.Release|Any CPU.ActiveCfg = Release|Any CPU
		{AD8DDDFC-289D-46F8-AB5E-173CF072C78D}.Release|Any CPU.Build.0 = Release|Any CPU
		{069E9F57-D4C4-4B57-BC43-A45BEA5EFFA1}.Debug|Any CPU.ActiveCfg = Debug|Any CPU
		{069E9F57-D4C4-4B57-BC43-A45BEA5EFFA1}.Debug|Any CPU.Build.0 = Debug|Any CPU
		{069E9F57-D4C4-4B57-BC43-A45BEA5EFFA1}.Release|Any CPU.ActiveCfg = Release|Any CPU
		{069E9F57-D4C4-4B57-BC43-A45BEA5EFFA1}.Release|Any CPU.Build.0 = Release|Any CPU
		{23B00169-CF74-4875-B55F-CCE7941253A7}.Debug|Any CPU.ActiveCfg = Debug|Any CPU
		{23B00169-CF74-4875-B55F-CCE7941253A7}.Debug|Any CPU.Build.0 = Debug|Any CPU
		{23B00169-CF74-4875-B55F-CCE7941253A7}.Release|Any CPU.ActiveCfg = Release|Any CPU
		{23B00169-CF74-4875-B55F-CCE7941253A7}.Release|Any CPU.Build.0 = Release|Any CPU
		{DEF29DE4-71DE-4B08-A580-8B7D0E6295C2}.Debug|Any CPU.ActiveCfg = Debug|Any CPU
		{DEF29DE4-71DE-4B08-A580-8B7D0E6295C2}.Debug|Any CPU.Build.0 = Debug|Any CPU
		{DEF29DE4-71DE-4B08-A580-8B7D0E6295C2}.Release|Any CPU.ActiveCfg = Release|Any CPU
		{DEF29DE4-71DE-4B08-A580-8B7D0E6295C2}.Release|Any CPU.Build.0 = Release|Any CPU
	EndGlobalSection
	GlobalSection(SolutionProperties) = preSolution
		HideSolutionNode = FALSE
	EndGlobalSection
	GlobalSection(NestedProjects) = preSolution
		{8DC606C8-2C8B-4CFB-A12C-A3FACD6FA8B5} = {53F8D3C0-9BF9-427D-ABBE-5D7A303FCFCB}
		{A5B5B3EC-A275-42A4-BEDF-8BB9F7165754} = {41FFC620-307B-4E02-A94A-CB4829FA3CC4}
		{4EC48DF2-8927-424E-BB91-0FBE572B7617} = {41FFC620-307B-4E02-A94A-CB4829FA3CC4}
		{65C03A97-BE16-4BE0-BFDC-99FBF51A84BB} = {53F8D3C0-9BF9-427D-ABBE-5D7A303FCFCB}
		{520809CA-F3E0-4B8F-B744-814DCE6CAFEE} = {53F8D3C0-9BF9-427D-ABBE-5D7A303FCFCB}
		{3F91B384-BC14-4FBF-AFD6-600265B89A2C} = {53F8D3C0-9BF9-427D-ABBE-5D7A303FCFCB}
		{AD8DDDFC-289D-46F8-AB5E-173CF072C78D} = {53F8D3C0-9BF9-427D-ABBE-5D7A303FCFCB}
		{069E9F57-D4C4-4B57-BC43-A45BEA5EFFA1} = {41FFC620-307B-4E02-A94A-CB4829FA3CC4}
		{23B00169-CF74-4875-B55F-CCE7941253A7} = {53F8D3C0-9BF9-427D-ABBE-5D7A303FCFCB}
		{DEF29DE4-71DE-4B08-A580-8B7D0E6295C2} = {41FFC620-307B-4E02-A94A-CB4829FA3CC4}
	EndGlobalSection
EndGlobal
