<Solution>
  <Folder Name="/samples/">
    <Project Path="samples/aws-lambda/aws-lambda.csproj" Id="21bd1d72-c1bc-4c36-be14-f66b4d6ab99e" />
  </Folder>
  <Folder Name="/Solution Items/">
    <File Path=".gitignore" />
    <File Path="coding.md" />
    <File Path="Directory.Build.props" />
    <File Path="nuget.config" />
    <File Path="readme.md" />
  </Folder>
  <Folder Name="/src/">
    <Project Path="nc-mediatr-extensions/nc-mediatr-extensions.csproj" />
    <Project Path="src/nc-ai/nc-ai.csproj" />
    <Project Path="src/nc-api/nc-api.csproj" Id="4ddcfeeb-fe41-4e3d-b1a7-c83909f90f94" />
    <Project Path="src/nc-aws/nc-aws.csproj" />
    <Project Path="src/nc-azure/nc-azure.csproj" />
    <Project Path="src/nc-cloud/nc-cloud.csproj" />
    <Project Path="src/nc-data/nc-data.csproj" />
    <Project Path="src/nc-extensions-fluentstorage/nc-extensions-fluentstorage.csproj" Id="d899ef41-9e1d-4073-bacd-e63613a00c99" />
    <Project Path="src/nc-extensions-logging/nc-extensions-logging.csproj" Id="42da11aa-b43d-4673-b3fb-c337b6c97c33" />
    <Project Path="src/nc-extensions-streaming/nc-extensions-streaming.csproj" Id="7cb375c3-b71f-48ed-9b16-366b74b776d1" />
    <Project Path="src/nc-extensions/nc-extensions.csproj" />
    <Project Path="src/nc-gcp/nc-gcp.csproj" />
    <Project Path="src/nc-hub/nc-hub.csproj" />
    <Project Path="src/nc-license/nc-license.csproj" Id="34507f70-91f9-4e46-82dc-26537fc4e31a" />
    <Project Path="src/nc-models/nc-models.csproj" Id="c2a2de17-5ecf-45a1-9871-8297cc27fd28" />
    <Project Path="src/nc-openapi/nc-openapi.csproj" />
    <Project Path="src/nc-reflection/nc-reflection.csproj" />
    <Project Path="src/nc-scaling/nc-scaling.csproj" Id="0d36adc4-5d60-430d-be84-3bcf8ae77114" />
    <Project Path="src/nc-soap/nc-soap.csproj" Id="f8174e77-4b75-4ab0-87ae-c31863588b1d" />
    <Project Path="src/nc-source-generators/nc-source-generators.csproj" />
    <Project Path="src/nc-web/nc-web.csproj" />
  </Folder>
  <Folder Name="/tests/">
    <Project Path="tests/nc-ai-tests/nc-ai-tests.csproj" Id="e726980c-9649-40f4-b65c-621d1ade3b5e" />
    <Project Path="tests/nc-aws-tests/nc-aws-tests.csproj" />
    <Project Path="tests/nc-azure-functions/sample/sample.csproj" />
    <Project Path="tests/nc-azure-tests/nc-azure-tests.csproj" />
    <Project Path="tests/nc-cloud-tests/nc-cloud-tests.csproj" />
    <Project Path="tests/nc-data-tests/nc-data-tests.csproj" />
    <Project Path="tests/nc-extensions-fluentstorage-tests/nc-extensions-fluentstorage-tests.csproj" Id="db7d0e4a-14b0-4fa5-b2b1-5f006cf71ac0" />
    <Project Path="tests/nc-extensions-stream-tests/nc-extensions-stream-tests.csproj" Id="a4202655-7edf-45df-88d4-5b9571fae306" />
    <Project Path="tests/nc-extensions-tests/nc-extensions-tests.csproj" />
    <Project Path="tests/nc-extenstions-logging-tests/nc-extenstions-logging-tests.csproj" Id="9aad78c1-ef7b-45ad-a9db-0743563de20c" />
    <Project Path="tests/nc-graphql-sample/nc-graphql-sample.csproj" />
    <Project Path="tests/nc-hub-tests/nc-hub-tests.csproj" />
    <Project Path="tests/nc-models-tests/nc-models-tests.csproj" Id="0a69d984-1141-4966-aef0-a8d8e9dc4861" />
    <Project Path="tests/nc-openapi-tests/nc-openapi-tests.csproj" />
    <Project Path="tests/nc-reflection-tests/nc-reflection-tests.csproj" />
    <Project Path="tests/nc-scaling-tests/nc-scaling-tests.csproj" Id="0c231a13-d540-45ec-a780-54e88beca9ab" />
    <Project Path="tests/nc-web-tests/nc-web-tests.csproj" />
  </Folder>
</Solution>
